
Microsoft Visual Studio Solution File, Format Version 12.00
# Visual Studio Version 16
VisualStudioVersion = 16.0.29318.209
MinimumVisualStudioVersion = 10.0.40219.1
Project("{9A19103F-16F7-4668-BE54-9A1E7A4F7556}") = "rabincarp", "rabincarp.csproj", "{D9C3B2B7-A941-4543-8968-6A1C0AF5F0D7}"
EndProject
Project("{2150E333-8FDC-42A3-9474-1A3956D46DE8}") = "1", "1", "{193DF2B6-6EEB-4700-A0F9-A69C97E9B611}"
EndProject
Project("{2150E333-8FDC-42A3-9474-1A3956D46DE8}") = "additional reading", "additional reading", "{90EE4F6C-F713-40CD-9EFA-B425E17E2A86}"
EndProject
Project("{2150E333-8FDC-42A3-9474-1A3956D46DE8}") = "1.1 IsUnique", "1.1 IsUnique", "{6A060F57-E5E6-461B-AD8A-00D3A983C3D0}"
EndProject
Project("{9A19103F-16F7-4668-BE54-9A1E7A4F7556}") = "IsUnique", ".\IsUnique\IsUnique.csproj", "{5D6FBD34-892F-4B68-AF90-F398B6CFAB03}"
EndProject
Project("{2150E333-8FDC-42A3-9474-1A3956D46DE8}") = "1.2 Check Permutation", "1.2 Check Permutation", "{E64D6437-1153-465B-8D64-7F547F382388}"
EndProject
Project("{9A19103F-16F7-4668-BE54-9A1E7A4F7556}") = "CheckPermutation", ".\CheckPermutation\CheckPermutation.csproj", "{BDC69DEB-79E6-4FE5-8B8E-6A158C3E42C0}"
EndProject
Project("{2150E333-8FDC-42A3-9474-1A3956D46DE8}") = "1.3 URLify", "1.3 URLify", "{81A3C6F7-8F2E-4B14-8BEF-D696288A7853}"
EndProject
Project("{9A19103F-16F7-4668-BE54-9A1E7A4F7556}") = "URLify", ".\URLify\URLify.csproj", "{4164CBF2-AEC8-45A8-89B0-45AE409DBBE4}"
EndProject
Project("{2150E333-8FDC-42A3-9474-1A3956D46DE8}") = "1.4 Palindrome Permutation", "1.4 Palindrome Permutation", "{351E9DFD-0E02-4CAB-87C6-D90EE865D07F}"
EndProject
Project("{9A19103F-16F7-4668-BE54-9A1E7A4F7556}") = "PalindromePermutation", ".\PalindromePermutation\PalindromePermutation.csproj", "{EE9E94A6-562F-434F-8D3D-58883893367D}"
EndProject
Project("{2150E333-8FDC-42A3-9474-1A3956D46DE8}") = "1.5 One Away", "1.5 One Away", "{108BC046-7367-4FFA-85B1-E125F0FEB471}"
EndProject
Project("{9A19103F-16F7-4668-BE54-9A1E7A4F7556}") = "OneAway", ".\OneAway\OneAway.csproj", "{4FC8ED2E-F645-4691-993B-8FB4C2482838}"
EndProject
Project("{2150E333-8FDC-42A3-9474-1A3956D46DE8}") = "1.6 String Compression", "1.6 String Compression", "{39F0F03D-BB7E-4015-9911-9F49EDF7376D}"
EndProject
Project("{9A19103F-16F7-4668-BE54-9A1E7A4F7556}") = "StringCompression", ".\StringCompression\StringCompression.csproj", "{AAD73336-192F-4C9C-BEB5-585934DEAA6B}"
EndProject
Project("{2150E333-8FDC-42A3-9474-1A3956D46DE8}") = "1.7 Rotate Matrix", "1.7 Rotate Matrix", "{2B23C839-821D-497C-A411-4B328E4323C8}"
EndProject
Project("{9A19103F-16F7-4668-BE54-9A1E7A4F7556}") = "RotateMatrix", ".\RotateMatrix\RotateMatrix.csproj", "{4E742C4D-C73F-4CD3-B156-60A61DD4A4A6}"
EndProject
Project("{2150E333-8FDC-42A3-9474-1A3956D46DE8}") = "1.8 Zero Matrix", "1.8 Zero Matrix", "{DE95FA72-3617-4721-A050-CDC73A11E57B}"
EndProject
Project("{9A19103F-16F7-4668-BE54-9A1E7A4F7556}") = "ZeroMatrix", ".\ZeroMatrix\ZeroMatrix.csproj", "{3C92D00F-50EA-46F2-AC6F-CDFEE2B0B223}"
EndProject
Project("{2150E333-8FDC-42A3-9474-1A3956D46DE8}") = "1.9 String Rotation", "1.9 String Rotation", "{9DFDBD24-FB54-41D4-ABFA-E5CAE6FBA0A2}"
EndProject
Project("{9A19103F-16F7-4668-BE54-9A1E7A4F7556}") = "StringRotation", ".\StringRotation\StringRotation.csproj", "{9C96B6B7-0BA4-4836-A6D5-D829E910A6B3}"
EndProject
Project("{9A19103F-16F7-4668-BE54-9A1E7A4F7556}") = "Junk", ".\Junk\Junk.csproj", "{5F0418E8-83E0-46AC-A174-EE33DB711A36}"
EndProject
Project("{2150E333-8FDC-42A3-9474-1A3956D46DE8}") = "2", "2", "{534453B7-3E2C-4BA0-8E54-6CF6968FF75E}"
EndProject
Project("{2150E333-8FDC-42A3-9474-1A3956D46DE8}") = "2.1 Remove Dups", "2.1 Remove Dups", "{0AC46FE6-B41B-4AEC-9368-27E3D5FC5180}"
EndProject
Project("{9A19103F-16F7-4668-BE54-9A1E7A4F7556}") = "Remove Dups", ".\Remove Dups\Remove Dups.csproj", "{30C0E670-EF3E-41B4-9D48-F47C73D3749D}"
EndProject
Project("{2150E333-8FDC-42A3-9474-1A3956D46DE8}") = "2.2 Return Kth to Last", "2.2 Return Kth to Last", "{99B24EDE-986B-473A-9558-F59FB59B3655}"
EndProject
Project("{9A19103F-16F7-4668-BE54-9A1E7A4F7556}") = "Return Kth to Last", ".\Return Kth to Last\Return Kth to Last.csproj", "{D10E2253-A9AC-40D9-B255-DCA4DA236A51}"
EndProject
Project("{2150E333-8FDC-42A3-9474-1A3956D46DE8}") = "2.3 Delete Middle Node", "2.3 Delete Middle Node", "{E9495CB5-081A-4CF2-ADBF-0F63D66FCD5B}"
EndProject
Project("{9A19103F-16F7-4668-BE54-9A1E7A4F7556}") = "DeleteMiddleNode", ".\DeleteMiddleNode\DeleteMiddleNode.csproj", "{A438C6D1-37C4-4D21-92DC-9398CA222C32}"
EndProject
Project("{2150E333-8FDC-42A3-9474-1A3956D46DE8}") = "2.4 Partition", "2.4 Partition", "{25A3BC72-06DA-49B8-B5C2-B2A39E2A1AB8}"
EndProject
Project("{9A19103F-16F7-4668-BE54-9A1E7A4F7556}") = "Partition", ".\Partition\Partition.csproj", "{D3CF5B4D-6CEB-4F12-AF75-0768597C3EA8}"
EndProject
Project("{2150E333-8FDC-42A3-9474-1A3956D46DE8}") = "Shared", "Shared", "{3AE29288-5CAF-4572-A527-92C107BAF0D2}"
EndProject
Project("{9A19103F-16F7-4668-BE54-9A1E7A4F7556}") = "LinkedListShared", ".\LinkedListShared\LinkedListShared.csproj", "{3EED22DB-DD7A-4D62-B010-0B86BF36CA72}"
EndProject
Project("{2150E333-8FDC-42A3-9474-1A3956D46DE8}") = "2.5 Sum Lists", "2.5 Sum Lists", "{12DD9BC9-C1C7-4EEB-8E39-BBF568F53A11}"
EndProject
Project("{9A19103F-16F7-4668-BE54-9A1E7A4F7556}") = "SumLists", ".\SumLists\SumLists.csproj", "{27CB1961-5866-48E4-8FB5-ED5C869DE6E3}"
EndProject
Project("{2150E333-8FDC-42A3-9474-1A3956D46DE8}") = "2.6 Palindrome", "2.6 Palindrome", "{5250BA80-2373-45D4-801A-0B30D9D2B23F}"
EndProject
Project("{9A19103F-16F7-4668-BE54-9A1E7A4F7556}") = "Palindrome", ".\Palindrome\Palindrome.csproj", "{B6C9A9B5-FB8D-4025-AE40-A898CFC71836}"
EndProject
Project("{2150E333-8FDC-42A3-9474-1A3956D46DE8}") = "2.7 Intersection", "2.7 Intersection", "{ADB0B795-C7D1-455E-8E86-2AB1A05382D5}"
EndProject
Project("{9A19103F-16F7-4668-BE54-9A1E7A4F7556}") = "Intersection", ".\Intersection\Intersection.csproj", "{0EDFDE74-5FE5-407F-87D4-8248B1D31314}"
EndProject
Project("{2150E333-8FDC-42A3-9474-1A3956D46DE8}") = "2.8 Loop Detection", "2.8 Loop Detection", "{53BC849D-BD95-4241-9764-F995F080754C}"
EndProject
Project("{9A19103F-16F7-4668-BE54-9A1E7A4F7556}") = "LoopDetection", ".\LoopDetection\LoopDetection.csproj", "{7757A14E-B3CA-4F8E-9947-B1057FAA65D8}"
EndProject
Project("{2150E333-8FDC-42A3-9474-1A3956D46DE8}") = "3", "3", "{46FCD8C7-EFBA-4D78-A296-A7B45CEEFB3F}"
EndProject
Project("{2150E333-8FDC-42A3-9474-1A3956D46DE8}") = "3.1 Three in One", "3.1 Three in One", "{089FF0FE-DF6F-4BF9-BA85-E46702989BD8}"
EndProject
Project("{9A19103F-16F7-4668-BE54-9A1E7A4F7556}") = "ThreeinOne", ".\ThreeinOne\ThreeinOne.csproj", "{84763EE2-D59A-4659-AC54-0BF935C85996}"
EndProject
Project("{2150E333-8FDC-42A3-9474-1A3956D46DE8}") = "3.2 Stack Min", "3.2 Stack Min", "{B35DE3A9-BA12-4B78-87E4-873E2B082088}"
EndProject
Project("{9A19103F-16F7-4668-BE54-9A1E7A4F7556}") = "StackMin", ".\StackMin\StackMin.csproj", "{60252C6F-2A98-4DB2-B7CC-F8D81E01AB0C}"
EndProject
Project("{2150E333-8FDC-42A3-9474-1A3956D46DE8}") = "3.3 Stack of Plates", "3.3 Stack of Plates", "{EDE33C14-023E-4E06-B8DE-07987A36E51E}"
EndProject
Project("{9A19103F-16F7-4668-BE54-9A1E7A4F7556}") = "StackofPlates", ".\StackofPlates\StackofPlates.csproj", "{C68BF2FA-B4AF-40DA-8161-5C05C2FA35C7}"
EndProject
Project("{2150E333-8FDC-42A3-9474-1A3956D46DE8}") = "3.4 Queue via Stacks", "3.4 Queue via Stacks", "{B934054B-ADB7-45E6-A504-ED9F2C69F1CC}"
EndProject
Project("{9A19103F-16F7-4668-BE54-9A1E7A4F7556}") = "QueueviaStacks", ".\QueueviaStacks\QueueviaStacks.csproj", "{246D5DB5-DED1-4872-9CFE-B4A6ECA3E955}"
EndProject
Project("{2150E333-8FDC-42A3-9474-1A3956D46DE8}") = "3.5 Sort Stack", "3.5 Sort Stack", "{7F3A0C37-31D2-4F5C-B271-D139B133CA9C}"
EndProject
Project("{9A19103F-16F7-4668-BE54-9A1E7A4F7556}") = "SortStack", ".\SortStack\SortStack.csproj", "{EBCEDC69-A64E-4841-866E-929C84B15AA4}"
EndProject
Project("{2150E333-8FDC-42A3-9474-1A3956D46DE8}") = "3.6 Animal Shelter", "3.6 Animal Shelter", "{451233E2-BF6F-4949-A594-DC6C53B5F6C4}"
EndProject
Project("{9A19103F-16F7-4668-BE54-9A1E7A4F7556}") = "AnimalShelter", ".\AnimalShelter\AnimalShelter.csproj", "{AA42A2D0-046A-49FA-955B-FE5DB80BA6A1}"
EndProject
Project("{2150E333-8FDC-42A3-9474-1A3956D46DE8}") = "4", "4", "{A143444F-12B8-4CBC-9CD6-649474B5BA9B}"
EndProject
Project("{2150E333-8FDC-42A3-9474-1A3956D46DE8}") = "Shared", "Shared", "{CEFEF031-717A-4975-88C9-3E9C57FAE00F}"
EndProject
Project("{FAE04EC0-301F-11D3-BF4B-00C04F79EFBC}") = "GraphShared", ".\GraphShared\GraphShared.csproj", "{B59436E0-53AD-4A6E-9AEF-EA090EA7887D}"
EndProject
Global
	GlobalSection(SolutionConfigurationPlatforms) = preSolution
		Debug|Any CPU = Debug|Any CPU
		Debug|x64 = Debug|x64
		Debug|x86 = Debug|x86
		Release|Any CPU = Release|Any CPU
		Release|x64 = Release|x64
		Release|x86 = Release|x86
	EndGlobalSection
	GlobalSection(ProjectConfigurationPlatforms) = postSolution
		{D9C3B2B7-A941-4543-8968-6A1C0AF5F0D7}.Debug|Any CPU.ActiveCfg = Debug|Any CPU
		{D9C3B2B7-A941-4543-8968-6A1C0AF5F0D7}.Debug|Any CPU.Build.0 = Debug|Any CPU
		{D9C3B2B7-A941-4543-8968-6A1C0AF5F0D7}.Debug|x64.ActiveCfg = Debug|Any CPU
		{D9C3B2B7-A941-4543-8968-6A1C0AF5F0D7}.Debug|x64.Build.0 = Debug|Any CPU
		{D9C3B2B7-A941-4543-8968-6A1C0AF5F0D7}.Debug|x86.ActiveCfg = Debug|Any CPU
		{D9C3B2B7-A941-4543-8968-6A1C0AF5F0D7}.Debug|x86.Build.0 = Debug|Any CPU
		{D9C3B2B7-A941-4543-8968-6A1C0AF5F0D7}.Release|Any CPU.ActiveCfg = Release|Any CPU
		{D9C3B2B7-A941-4543-8968-6A1C0AF5F0D7}.Release|Any CPU.Build.0 = Release|Any CPU
		{D9C3B2B7-A941-4543-8968-6A1C0AF5F0D7}.Release|x64.ActiveCfg = Release|Any CPU
		{D9C3B2B7-A941-4543-8968-6A1C0AF5F0D7}.Release|x64.Build.0 = Release|Any CPU
		{D9C3B2B7-A941-4543-8968-6A1C0AF5F0D7}.Release|x86.ActiveCfg = Release|Any CPU
		{D9C3B2B7-A941-4543-8968-6A1C0AF5F0D7}.Release|x86.Build.0 = Release|Any CPU
		{5D6FBD34-892F-4B68-AF90-F398B6CFAB03}.Debug|Any CPU.ActiveCfg = Debug|Any CPU
		{5D6FBD34-892F-4B68-AF90-F398B6CFAB03}.Debug|Any CPU.Build.0 = Debug|Any CPU
		{5D6FBD34-892F-4B68-AF90-F398B6CFAB03}.Debug|x64.ActiveCfg = Debug|Any CPU
		{5D6FBD34-892F-4B68-AF90-F398B6CFAB03}.Debug|x64.Build.0 = Debug|Any CPU
		{5D6FBD34-892F-4B68-AF90-F398B6CFAB03}.Debug|x86.ActiveCfg = Debug|Any CPU
		{5D6FBD34-892F-4B68-AF90-F398B6CFAB03}.Debug|x86.Build.0 = Debug|Any CPU
		{5D6FBD34-892F-4B68-AF90-F398B6CFAB03}.Release|Any CPU.ActiveCfg = Release|Any CPU
		{5D6FBD34-892F-4B68-AF90-F398B6CFAB03}.Release|Any CPU.Build.0 = Release|Any CPU
		{5D6FBD34-892F-4B68-AF90-F398B6CFAB03}.Release|x64.ActiveCfg = Release|Any CPU
		{5D6FBD34-892F-4B68-AF90-F398B6CFAB03}.Release|x64.Build.0 = Release|Any CPU
		{5D6FBD34-892F-4B68-AF90-F398B6CFAB03}.Release|x86.ActiveCfg = Release|Any CPU
		{5D6FBD34-892F-4B68-AF90-F398B6CFAB03}.Release|x86.Build.0 = Release|Any CPU
		{BDC69DEB-79E6-4FE5-8B8E-6A158C3E42C0}.Debug|Any CPU.ActiveCfg = Debug|Any CPU
		{BDC69DEB-79E6-4FE5-8B8E-6A158C3E42C0}.Debug|Any CPU.Build.0 = Debug|Any CPU
		{BDC69DEB-79E6-4FE5-8B8E-6A158C3E42C0}.Debug|x64.ActiveCfg = Debug|Any CPU
		{BDC69DEB-79E6-4FE5-8B8E-6A158C3E42C0}.Debug|x64.Build.0 = Debug|Any CPU
		{BDC69DEB-79E6-4FE5-8B8E-6A158C3E42C0}.Debug|x86.ActiveCfg = Debug|Any CPU
		{BDC69DEB-79E6-4FE5-8B8E-6A158C3E42C0}.Debug|x86.Build.0 = Debug|Any CPU
		{BDC69DEB-79E6-4FE5-8B8E-6A158C3E42C0}.Release|Any CPU.ActiveCfg = Release|Any CPU
		{BDC69DEB-79E6-4FE5-8B8E-6A158C3E42C0}.Release|Any CPU.Build.0 = Release|Any CPU
		{BDC69DEB-79E6-4FE5-8B8E-6A158C3E42C0}.Release|x64.ActiveCfg = Release|Any CPU
		{BDC69DEB-79E6-4FE5-8B8E-6A158C3E42C0}.Release|x64.Build.0 = Release|Any CPU
		{BDC69DEB-79E6-4FE5-8B8E-6A158C3E42C0}.Release|x86.ActiveCfg = Release|Any CPU
		{BDC69DEB-79E6-4FE5-8B8E-6A158C3E42C0}.Release|x86.Build.0 = Release|Any CPU
		{4164CBF2-AEC8-45A8-89B0-45AE409DBBE4}.Debug|Any CPU.ActiveCfg = Debug|Any CPU
		{4164CBF2-AEC8-45A8-89B0-45AE409DBBE4}.Debug|Any CPU.Build.0 = Debug|Any CPU
		{4164CBF2-AEC8-45A8-89B0-45AE409DBBE4}.Debug|x64.ActiveCfg = Debug|Any CPU
		{4164CBF2-AEC8-45A8-89B0-45AE409DBBE4}.Debug|x64.Build.0 = Debug|Any CPU
		{4164CBF2-AEC8-45A8-89B0-45AE409DBBE4}.Debug|x86.ActiveCfg = Debug|Any CPU
		{4164CBF2-AEC8-45A8-89B0-45AE409DBBE4}.Debug|x86.Build.0 = Debug|Any CPU
		{4164CBF2-AEC8-45A8-89B0-45AE409DBBE4}.Release|Any CPU.ActiveCfg = Release|Any CPU
		{4164CBF2-AEC8-45A8-89B0-45AE409DBBE4}.Release|Any CPU.Build.0 = Release|Any CPU
		{4164CBF2-AEC8-45A8-89B0-45AE409DBBE4}.Release|x64.ActiveCfg = Release|Any CPU
		{4164CBF2-AEC8-45A8-89B0-45AE409DBBE4}.Release|x64.Build.0 = Release|Any CPU
		{4164CBF2-AEC8-45A8-89B0-45AE409DBBE4}.Release|x86.ActiveCfg = Release|Any CPU
		{4164CBF2-AEC8-45A8-89B0-45AE409DBBE4}.Release|x86.Build.0 = Release|Any CPU
		{EE9E94A6-562F-434F-8D3D-58883893367D}.Debug|Any CPU.ActiveCfg = Debug|Any CPU
		{EE9E94A6-562F-434F-8D3D-58883893367D}.Debug|Any CPU.Build.0 = Debug|Any CPU
		{EE9E94A6-562F-434F-8D3D-58883893367D}.Debug|x64.ActiveCfg = Debug|Any CPU
		{EE9E94A6-562F-434F-8D3D-58883893367D}.Debug|x64.Build.0 = Debug|Any CPU
		{EE9E94A6-562F-434F-8D3D-58883893367D}.Debug|x86.ActiveCfg = Debug|Any CPU
		{EE9E94A6-562F-434F-8D3D-58883893367D}.Debug|x86.Build.0 = Debug|Any CPU
		{EE9E94A6-562F-434F-8D3D-58883893367D}.Release|Any CPU.ActiveCfg = Release|Any CPU
		{EE9E94A6-562F-434F-8D3D-58883893367D}.Release|Any CPU.Build.0 = Release|Any CPU
		{EE9E94A6-562F-434F-8D3D-58883893367D}.Release|x64.ActiveCfg = Release|Any CPU
		{EE9E94A6-562F-434F-8D3D-58883893367D}.Release|x64.Build.0 = Release|Any CPU
		{EE9E94A6-562F-434F-8D3D-58883893367D}.Release|x86.ActiveCfg = Release|Any CPU
		{EE9E94A6-562F-434F-8D3D-58883893367D}.Release|x86.Build.0 = Release|Any CPU
		{4FC8ED2E-F645-4691-993B-8FB4C2482838}.Debug|Any CPU.ActiveCfg = Debug|Any CPU
		{4FC8ED2E-F645-4691-993B-8FB4C2482838}.Debug|Any CPU.Build.0 = Debug|Any CPU
		{4FC8ED2E-F645-4691-993B-8FB4C2482838}.Debug|x64.ActiveCfg = Debug|Any CPU
		{4FC8ED2E-F645-4691-993B-8FB4C2482838}.Debug|x64.Build.0 = Debug|Any CPU
		{4FC8ED2E-F645-4691-993B-8FB4C2482838}.Debug|x86.ActiveCfg = Debug|Any CPU
		{4FC8ED2E-F645-4691-993B-8FB4C2482838}.Debug|x86.Build.0 = Debug|Any CPU
		{4FC8ED2E-F645-4691-993B-8FB4C2482838}.Release|Any CPU.ActiveCfg = Release|Any CPU
		{4FC8ED2E-F645-4691-993B-8FB4C2482838}.Release|Any CPU.Build.0 = Release|Any CPU
		{4FC8ED2E-F645-4691-993B-8FB4C2482838}.Release|x64.ActiveCfg = Release|Any CPU
		{4FC8ED2E-F645-4691-993B-8FB4C2482838}.Release|x64.Build.0 = Release|Any CPU
		{4FC8ED2E-F645-4691-993B-8FB4C2482838}.Release|x86.ActiveCfg = Release|Any CPU
		{4FC8ED2E-F645-4691-993B-8FB4C2482838}.Release|x86.Build.0 = Release|Any CPU
		{AAD73336-192F-4C9C-BEB5-585934DEAA6B}.Debug|Any CPU.ActiveCfg = Debug|Any CPU
		{AAD73336-192F-4C9C-BEB5-585934DEAA6B}.Debug|Any CPU.Build.0 = Debug|Any CPU
		{AAD73336-192F-4C9C-BEB5-585934DEAA6B}.Debug|x64.ActiveCfg = Debug|Any CPU
		{AAD73336-192F-4C9C-BEB5-585934DEAA6B}.Debug|x64.Build.0 = Debug|Any CPU
		{AAD73336-192F-4C9C-BEB5-585934DEAA6B}.Debug|x86.ActiveCfg = Debug|Any CPU
		{AAD73336-192F-4C9C-BEB5-585934DEAA6B}.Debug|x86.Build.0 = Debug|Any CPU
		{AAD73336-192F-4C9C-BEB5-585934DEAA6B}.Release|Any CPU.ActiveCfg = Release|Any CPU
		{AAD73336-192F-4C9C-BEB5-585934DEAA6B}.Release|Any CPU.Build.0 = Release|Any CPU
		{AAD73336-192F-4C9C-BEB5-585934DEAA6B}.Release|x64.ActiveCfg = Release|Any CPU
		{AAD73336-192F-4C9C-BEB5-585934DEAA6B}.Release|x64.Build.0 = Release|Any CPU
		{AAD73336-192F-4C9C-BEB5-585934DEAA6B}.Release|x86.ActiveCfg = Release|Any CPU
		{AAD73336-192F-4C9C-BEB5-585934DEAA6B}.Release|x86.Build.0 = Release|Any CPU
		{4E742C4D-C73F-4CD3-B156-60A61DD4A4A6}.Debug|Any CPU.ActiveCfg = Debug|Any CPU
		{4E742C4D-C73F-4CD3-B156-60A61DD4A4A6}.Debug|Any CPU.Build.0 = Debug|Any CPU
		{4E742C4D-C73F-4CD3-B156-60A61DD4A4A6}.Debug|x64.ActiveCfg = Debug|Any CPU
		{4E742C4D-C73F-4CD3-B156-60A61DD4A4A6}.Debug|x64.Build.0 = Debug|Any CPU
		{4E742C4D-C73F-4CD3-B156-60A61DD4A4A6}.Debug|x86.ActiveCfg = Debug|Any CPU
		{4E742C4D-C73F-4CD3-B156-60A61DD4A4A6}.Debug|x86.Build.0 = Debug|Any CPU
		{4E742C4D-C73F-4CD3-B156-60A61DD4A4A6}.Release|Any CPU.ActiveCfg = Release|Any CPU
		{4E742C4D-C73F-4CD3-B156-60A61DD4A4A6}.Release|Any CPU.Build.0 = Release|Any CPU
		{4E742C4D-C73F-4CD3-B156-60A61DD4A4A6}.Release|x64.ActiveCfg = Release|Any CPU
		{4E742C4D-C73F-4CD3-B156-60A61DD4A4A6}.Release|x64.Build.0 = Release|Any CPU
		{4E742C4D-C73F-4CD3-B156-60A61DD4A4A6}.Release|x86.ActiveCfg = Release|Any CPU
		{4E742C4D-C73F-4CD3-B156-60A61DD4A4A6}.Release|x86.Build.0 = Release|Any CPU
		{3C92D00F-50EA-46F2-AC6F-CDFEE2B0B223}.Debug|Any CPU.ActiveCfg = Debug|Any CPU
		{3C92D00F-50EA-46F2-AC6F-CDFEE2B0B223}.Debug|Any CPU.Build.0 = Debug|Any CPU
		{3C92D00F-50EA-46F2-AC6F-CDFEE2B0B223}.Debug|x64.ActiveCfg = Debug|Any CPU
		{3C92D00F-50EA-46F2-AC6F-CDFEE2B0B223}.Debug|x64.Build.0 = Debug|Any CPU
		{3C92D00F-50EA-46F2-AC6F-CDFEE2B0B223}.Debug|x86.ActiveCfg = Debug|Any CPU
		{3C92D00F-50EA-46F2-AC6F-CDFEE2B0B223}.Debug|x86.Build.0 = Debug|Any CPU
		{3C92D00F-50EA-46F2-AC6F-CDFEE2B0B223}.Release|Any CPU.ActiveCfg = Release|Any CPU
		{3C92D00F-50EA-46F2-AC6F-CDFEE2B0B223}.Release|Any CPU.Build.0 = Release|Any CPU
		{3C92D00F-50EA-46F2-AC6F-CDFEE2B0B223}.Release|x64.ActiveCfg = Release|Any CPU
		{3C92D00F-50EA-46F2-AC6F-CDFEE2B0B223}.Release|x64.Build.0 = Release|Any CPU
		{3C92D00F-50EA-46F2-AC6F-CDFEE2B0B223}.Release|x86.ActiveCfg = Release|Any CPU
		{3C92D00F-50EA-46F2-AC6F-CDFEE2B0B223}.Release|x86.Build.0 = Release|Any CPU
		{9C96B6B7-0BA4-4836-A6D5-D829E910A6B3}.Debug|Any CPU.ActiveCfg = Debug|Any CPU
		{9C96B6B7-0BA4-4836-A6D5-D829E910A6B3}.Debug|Any CPU.Build.0 = Debug|Any CPU
		{9C96B6B7-0BA4-4836-A6D5-D829E910A6B3}.Debug|x64.ActiveCfg = Debug|Any CPU
		{9C96B6B7-0BA4-4836-A6D5-D829E910A6B3}.Debug|x64.Build.0 = Debug|Any CPU
		{9C96B6B7-0BA4-4836-A6D5-D829E910A6B3}.Debug|x86.ActiveCfg = Debug|Any CPU
		{9C96B6B7-0BA4-4836-A6D5-D829E910A6B3}.Debug|x86.Build.0 = Debug|Any CPU
		{9C96B6B7-0BA4-4836-A6D5-D829E910A6B3}.Release|Any CPU.ActiveCfg = Release|Any CPU
		{9C96B6B7-0BA4-4836-A6D5-D829E910A6B3}.Release|Any CPU.Build.0 = Release|Any CPU
		{9C96B6B7-0BA4-4836-A6D5-D829E910A6B3}.Release|x64.ActiveCfg = Release|Any CPU
		{9C96B6B7-0BA4-4836-A6D5-D829E910A6B3}.Release|x64.Build.0 = Release|Any CPU
		{9C96B6B7-0BA4-4836-A6D5-D829E910A6B3}.Release|x86.ActiveCfg = Release|Any CPU
		{9C96B6B7-0BA4-4836-A6D5-D829E910A6B3}.Release|x86.Build.0 = Release|Any CPU
		{5F0418E8-83E0-46AC-A174-EE33DB711A36}.Debug|Any CPU.ActiveCfg = Debug|Any CPU
		{5F0418E8-83E0-46AC-A174-EE33DB711A36}.Debug|Any CPU.Build.0 = Debug|Any CPU
		{5F0418E8-83E0-46AC-A174-EE33DB711A36}.Debug|x64.ActiveCfg = Debug|Any CPU
		{5F0418E8-83E0-46AC-A174-EE33DB711A36}.Debug|x64.Build.0 = Debug|Any CPU
		{5F0418E8-83E0-46AC-A174-EE33DB711A36}.Debug|x86.ActiveCfg = Debug|Any CPU
		{5F0418E8-83E0-46AC-A174-EE33DB711A36}.Debug|x86.Build.0 = Debug|Any CPU
		{5F0418E8-83E0-46AC-A174-EE33DB711A36}.Release|Any CPU.ActiveCfg = Release|Any CPU
		{5F0418E8-83E0-46AC-A174-EE33DB711A36}.Release|Any CPU.Build.0 = Release|Any CPU
		{5F0418E8-83E0-46AC-A174-EE33DB711A36}.Release|x64.ActiveCfg = Release|Any CPU
		{5F0418E8-83E0-46AC-A174-EE33DB711A36}.Release|x64.Build.0 = Release|Any CPU
		{5F0418E8-83E0-46AC-A174-EE33DB711A36}.Release|x86.ActiveCfg = Release|Any CPU
		{5F0418E8-83E0-46AC-A174-EE33DB711A36}.Release|x86.Build.0 = Release|Any CPU
		{30C0E670-EF3E-41B4-9D48-F47C73D3749D}.Debug|Any CPU.ActiveCfg = Debug|Any CPU
		{30C0E670-EF3E-41B4-9D48-F47C73D3749D}.Debug|Any CPU.Build.0 = Debug|Any CPU
		{30C0E670-EF3E-41B4-9D48-F47C73D3749D}.Debug|x64.ActiveCfg = Debug|Any CPU
		{30C0E670-EF3E-41B4-9D48-F47C73D3749D}.Debug|x64.Build.0 = Debug|Any CPU
		{30C0E670-EF3E-41B4-9D48-F47C73D3749D}.Debug|x86.ActiveCfg = Debug|Any CPU
		{30C0E670-EF3E-41B4-9D48-F47C73D3749D}.Debug|x86.Build.0 = Debug|Any CPU
		{30C0E670-EF3E-41B4-9D48-F47C73D3749D}.Release|Any CPU.ActiveCfg = Release|Any CPU
		{30C0E670-EF3E-41B4-9D48-F47C73D3749D}.Release|Any CPU.Build.0 = Release|Any CPU
		{30C0E670-EF3E-41B4-9D48-F47C73D3749D}.Release|x64.ActiveCfg = Release|Any CPU
		{30C0E670-EF3E-41B4-9D48-F47C73D3749D}.Release|x64.Build.0 = Release|Any CPU
		{30C0E670-EF3E-41B4-9D48-F47C73D3749D}.Release|x86.ActiveCfg = Release|Any CPU
		{30C0E670-EF3E-41B4-9D48-F47C73D3749D}.Release|x86.Build.0 = Release|Any CPU
		{D10E2253-A9AC-40D9-B255-DCA4DA236A51}.Debug|Any CPU.ActiveCfg = Debug|Any CPU
		{D10E2253-A9AC-40D9-B255-DCA4DA236A51}.Debug|Any CPU.Build.0 = Debug|Any CPU
		{D10E2253-A9AC-40D9-B255-DCA4DA236A51}.Debug|x64.ActiveCfg = Debug|Any CPU
		{D10E2253-A9AC-40D9-B255-DCA4DA236A51}.Debug|x64.Build.0 = Debug|Any CPU
		{D10E2253-A9AC-40D9-B255-DCA4DA236A51}.Debug|x86.ActiveCfg = Debug|Any CPU
		{D10E2253-A9AC-40D9-B255-DCA4DA236A51}.Debug|x86.Build.0 = Debug|Any CPU
		{D10E2253-A9AC-40D9-B255-DCA4DA236A51}.Release|Any CPU.ActiveCfg = Release|Any CPU
		{D10E2253-A9AC-40D9-B255-DCA4DA236A51}.Release|Any CPU.Build.0 = Release|Any CPU
		{D10E2253-A9AC-40D9-B255-DCA4DA236A51}.Release|x64.ActiveCfg = Release|Any CPU
		{D10E2253-A9AC-40D9-B255-DCA4DA236A51}.Release|x64.Build.0 = Release|Any CPU
		{D10E2253-A9AC-40D9-B255-DCA4DA236A51}.Release|x86.ActiveCfg = Release|Any CPU
		{D10E2253-A9AC-40D9-B255-DCA4DA236A51}.Release|x86.Build.0 = Release|Any CPU
		{A438C6D1-37C4-4D21-92DC-9398CA222C32}.Debug|Any CPU.ActiveCfg = Debug|Any CPU
		{A438C6D1-37C4-4D21-92DC-9398CA222C32}.Debug|Any CPU.Build.0 = Debug|Any CPU
		{A438C6D1-37C4-4D21-92DC-9398CA222C32}.Debug|x64.ActiveCfg = Debug|Any CPU
		{A438C6D1-37C4-4D21-92DC-9398CA222C32}.Debug|x64.Build.0 = Debug|Any CPU
		{A438C6D1-37C4-4D21-92DC-9398CA222C32}.Debug|x86.ActiveCfg = Debug|Any CPU
		{A438C6D1-37C4-4D21-92DC-9398CA222C32}.Debug|x86.Build.0 = Debug|Any CPU
		{A438C6D1-37C4-4D21-92DC-9398CA222C32}.Release|Any CPU.ActiveCfg = Release|Any CPU
		{A438C6D1-37C4-4D21-92DC-9398CA222C32}.Release|Any CPU.Build.0 = Release|Any CPU
		{A438C6D1-37C4-4D21-92DC-9398CA222C32}.Release|x64.ActiveCfg = Release|Any CPU
		{A438C6D1-37C4-4D21-92DC-9398CA222C32}.Release|x64.Build.0 = Release|Any CPU
		{A438C6D1-37C4-4D21-92DC-9398CA222C32}.Release|x86.ActiveCfg = Release|Any CPU
		{A438C6D1-37C4-4D21-92DC-9398CA222C32}.Release|x86.Build.0 = Release|Any CPU
		{D3CF5B4D-6CEB-4F12-AF75-0768597C3EA8}.Debug|Any CPU.ActiveCfg = Debug|Any CPU
		{D3CF5B4D-6CEB-4F12-AF75-0768597C3EA8}.Debug|Any CPU.Build.0 = Debug|Any CPU
		{D3CF5B4D-6CEB-4F12-AF75-0768597C3EA8}.Debug|x64.ActiveCfg = Debug|Any CPU
		{D3CF5B4D-6CEB-4F12-AF75-0768597C3EA8}.Debug|x64.Build.0 = Debug|Any CPU
		{D3CF5B4D-6CEB-4F12-AF75-0768597C3EA8}.Debug|x86.ActiveCfg = Debug|Any CPU
		{D3CF5B4D-6CEB-4F12-AF75-0768597C3EA8}.Debug|x86.Build.0 = Debug|Any CPU
		{D3CF5B4D-6CEB-4F12-AF75-0768597C3EA8}.Release|Any CPU.ActiveCfg = Release|Any CPU
		{D3CF5B4D-6CEB-4F12-AF75-0768597C3EA8}.Release|Any CPU.Build.0 = Release|Any CPU
		{D3CF5B4D-6CEB-4F12-AF75-0768597C3EA8}.Release|x64.ActiveCfg = Release|Any CPU
		{D3CF5B4D-6CEB-4F12-AF75-0768597C3EA8}.Release|x64.Build.0 = Release|Any CPU
		{D3CF5B4D-6CEB-4F12-AF75-0768597C3EA8}.Release|x86.ActiveCfg = Release|Any CPU
		{D3CF5B4D-6CEB-4F12-AF75-0768597C3EA8}.Release|x86.Build.0 = Release|Any CPU
		{3EED22DB-DD7A-4D62-B010-0B86BF36CA72}.Debug|Any CPU.ActiveCfg = Debug|Any CPU
		{3EED22DB-DD7A-4D62-B010-0B86BF36CA72}.Debug|Any CPU.Build.0 = Debug|Any CPU
		{3EED22DB-DD7A-4D62-B010-0B86BF36CA72}.Debug|x64.ActiveCfg = Debug|Any CPU
		{3EED22DB-DD7A-4D62-B010-0B86BF36CA72}.Debug|x64.Build.0 = Debug|Any CPU
		{3EED22DB-DD7A-4D62-B010-0B86BF36CA72}.Debug|x86.ActiveCfg = Debug|Any CPU
		{3EED22DB-DD7A-4D62-B010-0B86BF36CA72}.Debug|x86.Build.0 = Debug|Any CPU
		{3EED22DB-DD7A-4D62-B010-0B86BF36CA72}.Release|Any CPU.ActiveCfg = Release|Any CPU
		{3EED22DB-DD7A-4D62-B010-0B86BF36CA72}.Release|Any CPU.Build.0 = Release|Any CPU
		{3EED22DB-DD7A-4D62-B010-0B86BF36CA72}.Release|x64.ActiveCfg = Release|Any CPU
		{3EED22DB-DD7A-4D62-B010-0B86BF36CA72}.Release|x64.Build.0 = Release|Any CPU
		{3EED22DB-DD7A-4D62-B010-0B86BF36CA72}.Release|x86.ActiveCfg = Release|Any CPU
		{3EED22DB-DD7A-4D62-B010-0B86BF36CA72}.Release|x86.Build.0 = Release|Any CPU
		{27CB1961-5866-48E4-8FB5-ED5C869DE6E3}.Debug|Any CPU.ActiveCfg = Debug|Any CPU
		{27CB1961-5866-48E4-8FB5-ED5C869DE6E3}.Debug|Any CPU.Build.0 = Debug|Any CPU
		{27CB1961-5866-48E4-8FB5-ED5C869DE6E3}.Debug|x64.ActiveCfg = Debug|Any CPU
		{27CB1961-5866-48E4-8FB5-ED5C869DE6E3}.Debug|x64.Build.0 = Debug|Any CPU
		{27CB1961-5866-48E4-8FB5-ED5C869DE6E3}.Debug|x86.ActiveCfg = Debug|Any CPU
		{27CB1961-5866-48E4-8FB5-ED5C869DE6E3}.Debug|x86.Build.0 = Debug|Any CPU
		{27CB1961-5866-48E4-8FB5-ED5C869DE6E3}.Release|Any CPU.ActiveCfg = Release|Any CPU
		{27CB1961-5866-48E4-8FB5-ED5C869DE6E3}.Release|Any CPU.Build.0 = Release|Any CPU
		{27CB1961-5866-48E4-8FB5-ED5C869DE6E3}.Release|x64.ActiveCfg = Release|Any CPU
		{27CB1961-5866-48E4-8FB5-ED5C869DE6E3}.Release|x64.Build.0 = Release|Any CPU
		{27CB1961-5866-48E4-8FB5-ED5C869DE6E3}.Release|x86.ActiveCfg = Release|Any CPU
		{27CB1961-5866-48E4-8FB5-ED5C869DE6E3}.Release|x86.Build.0 = Release|Any CPU
		{B6C9A9B5-FB8D-4025-AE40-A898CFC71836}.Debug|Any CPU.ActiveCfg = Debug|Any CPU
		{B6C9A9B5-FB8D-4025-AE40-A898CFC71836}.Debug|Any CPU.Build.0 = Debug|Any CPU
		{B6C9A9B5-FB8D-4025-AE40-A898CFC71836}.Debug|x64.ActiveCfg = Debug|Any CPU
		{B6C9A9B5-FB8D-4025-AE40-A898CFC71836}.Debug|x64.Build.0 = Debug|Any CPU
		{B6C9A9B5-FB8D-4025-AE40-A898CFC71836}.Debug|x86.ActiveCfg = Debug|Any CPU
		{B6C9A9B5-FB8D-4025-AE40-A898CFC71836}.Debug|x86.Build.0 = Debug|Any CPU
		{B6C9A9B5-FB8D-4025-AE40-A898CFC71836}.Release|Any CPU.ActiveCfg = Release|Any CPU
		{B6C9A9B5-FB8D-4025-AE40-A898CFC71836}.Release|Any CPU.Build.0 = Release|Any CPU
		{B6C9A9B5-FB8D-4025-AE40-A898CFC71836}.Release|x64.ActiveCfg = Release|Any CPU
		{B6C9A9B5-FB8D-4025-AE40-A898CFC71836}.Release|x64.Build.0 = Release|Any CPU
		{B6C9A9B5-FB8D-4025-AE40-A898CFC71836}.Release|x86.ActiveCfg = Release|Any CPU
		{B6C9A9B5-FB8D-4025-AE40-A898CFC71836}.Release|x86.Build.0 = Release|Any CPU
		{0EDFDE74-5FE5-407F-87D4-8248B1D31314}.Debug|Any CPU.ActiveCfg = Debug|Any CPU
		{0EDFDE74-5FE5-407F-87D4-8248B1D31314}.Debug|Any CPU.Build.0 = Debug|Any CPU
		{0EDFDE74-5FE5-407F-87D4-8248B1D31314}.Debug|x64.ActiveCfg = Debug|Any CPU
		{0EDFDE74-5FE5-407F-87D4-8248B1D31314}.Debug|x64.Build.0 = Debug|Any CPU
		{0EDFDE74-5FE5-407F-87D4-8248B1D31314}.Debug|x86.ActiveCfg = Debug|Any CPU
		{0EDFDE74-5FE5-407F-87D4-8248B1D31314}.Debug|x86.Build.0 = Debug|Any CPU
		{0EDFDE74-5FE5-407F-87D4-8248B1D31314}.Release|Any CPU.ActiveCfg = Release|Any CPU
		{0EDFDE74-5FE5-407F-87D4-8248B1D31314}.Release|Any CPU.Build.0 = Release|Any CPU
		{0EDFDE74-5FE5-407F-87D4-8248B1D31314}.Release|x64.ActiveCfg = Release|Any CPU
		{0EDFDE74-5FE5-407F-87D4-8248B1D31314}.Release|x64.Build.0 = Release|Any CPU
		{0EDFDE74-5FE5-407F-87D4-8248B1D31314}.Release|x86.ActiveCfg = Release|Any CPU
		{0EDFDE74-5FE5-407F-87D4-8248B1D31314}.Release|x86.Build.0 = Release|Any CPU
		{7757A14E-B3CA-4F8E-9947-B1057FAA65D8}.Debug|Any CPU.ActiveCfg = Debug|Any CPU
		{7757A14E-B3CA-4F8E-9947-B1057FAA65D8}.Debug|Any CPU.Build.0 = Debug|Any CPU
		{7757A14E-B3CA-4F8E-9947-B1057FAA65D8}.Debug|x64.ActiveCfg = Debug|Any CPU
		{7757A14E-B3CA-4F8E-9947-B1057FAA65D8}.Debug|x64.Build.0 = Debug|Any CPU
		{7757A14E-B3CA-4F8E-9947-B1057FAA65D8}.Debug|x86.ActiveCfg = Debug|Any CPU
		{7757A14E-B3CA-4F8E-9947-B1057FAA65D8}.Debug|x86.Build.0 = Debug|Any CPU
		{7757A14E-B3CA-4F8E-9947-B1057FAA65D8}.Release|Any CPU.ActiveCfg = Release|Any CPU
		{7757A14E-B3CA-4F8E-9947-B1057FAA65D8}.Release|Any CPU.Build.0 = Release|Any CPU
		{7757A14E-B3CA-4F8E-9947-B1057FAA65D8}.Release|x64.ActiveCfg = Release|Any CPU
		{7757A14E-B3CA-4F8E-9947-B1057FAA65D8}.Release|x64.Build.0 = Release|Any CPU
		{7757A14E-B3CA-4F8E-9947-B1057FAA65D8}.Release|x86.ActiveCfg = Release|Any CPU
		{7757A14E-B3CA-4F8E-9947-B1057FAA65D8}.Release|x86.Build.0 = Release|Any CPU
		{84763EE2-D59A-4659-AC54-0BF935C85996}.Debug|Any CPU.ActiveCfg = Debug|Any CPU
		{84763EE2-D59A-4659-AC54-0BF935C85996}.Debug|Any CPU.Build.0 = Debug|Any CPU
		{84763EE2-D59A-4659-AC54-0BF935C85996}.Debug|x64.ActiveCfg = Debug|Any CPU
		{84763EE2-D59A-4659-AC54-0BF935C85996}.Debug|x64.Build.0 = Debug|Any CPU
		{84763EE2-D59A-4659-AC54-0BF935C85996}.Debug|x86.ActiveCfg = Debug|Any CPU
		{84763EE2-D59A-4659-AC54-0BF935C85996}.Debug|x86.Build.0 = Debug|Any CPU
		{84763EE2-D59A-4659-AC54-0BF935C85996}.Release|Any CPU.ActiveCfg = Release|Any CPU
		{84763EE2-D59A-4659-AC54-0BF935C85996}.Release|Any CPU.Build.0 = Release|Any CPU
		{84763EE2-D59A-4659-AC54-0BF935C85996}.Release|x64.ActiveCfg = Release|Any CPU
		{84763EE2-D59A-4659-AC54-0BF935C85996}.Release|x64.Build.0 = Release|Any CPU
		{84763EE2-D59A-4659-AC54-0BF935C85996}.Release|x86.ActiveCfg = Release|Any CPU
		{84763EE2-D59A-4659-AC54-0BF935C85996}.Release|x86.Build.0 = Release|Any CPU
		{60252C6F-2A98-4DB2-B7CC-F8D81E01AB0C}.Debug|Any CPU.ActiveCfg = Debug|Any CPU
		{60252C6F-2A98-4DB2-B7CC-F8D81E01AB0C}.Debug|Any CPU.Build.0 = Debug|Any CPU
		{60252C6F-2A98-4DB2-B7CC-F8D81E01AB0C}.Debug|x64.ActiveCfg = Debug|Any CPU
		{60252C6F-2A98-4DB2-B7CC-F8D81E01AB0C}.Debug|x64.Build.0 = Debug|Any CPU
		{60252C6F-2A98-4DB2-B7CC-F8D81E01AB0C}.Debug|x86.ActiveCfg = Debug|Any CPU
		{60252C6F-2A98-4DB2-B7CC-F8D81E01AB0C}.Debug|x86.Build.0 = Debug|Any CPU
		{60252C6F-2A98-4DB2-B7CC-F8D81E01AB0C}.Release|Any CPU.ActiveCfg = Release|Any CPU
		{60252C6F-2A98-4DB2-B7CC-F8D81E01AB0C}.Release|Any CPU.Build.0 = Release|Any CPU
		{60252C6F-2A98-4DB2-B7CC-F8D81E01AB0C}.Release|x64.ActiveCfg = Release|Any CPU
		{60252C6F-2A98-4DB2-B7CC-F8D81E01AB0C}.Release|x64.Build.0 = Release|Any CPU
		{60252C6F-2A98-4DB2-B7CC-F8D81E01AB0C}.Release|x86.ActiveCfg = Release|Any CPU
		{60252C6F-2A98-4DB2-B7CC-F8D81E01AB0C}.Release|x86.Build.0 = Release|Any CPU
		{C68BF2FA-B4AF-40DA-8161-5C05C2FA35C7}.Debug|Any CPU.ActiveCfg = Debug|Any CPU
		{C68BF2FA-B4AF-40DA-8161-5C05C2FA35C7}.Debug|Any CPU.Build.0 = Debug|Any CPU
		{C68BF2FA-B4AF-40DA-8161-5C05C2FA35C7}.Debug|x64.ActiveCfg = Debug|Any CPU
		{C68BF2FA-B4AF-40DA-8161-5C05C2FA35C7}.Debug|x64.Build.0 = Debug|Any CPU
		{C68BF2FA-B4AF-40DA-8161-5C05C2FA35C7}.Debug|x86.ActiveCfg = Debug|Any CPU
		{C68BF2FA-B4AF-40DA-8161-5C05C2FA35C7}.Debug|x86.Build.0 = Debug|Any CPU
		{C68BF2FA-B4AF-40DA-8161-5C05C2FA35C7}.Release|Any CPU.ActiveCfg = Release|Any CPU
		{C68BF2FA-B4AF-40DA-8161-5C05C2FA35C7}.Release|Any CPU.Build.0 = Release|Any CPU
		{C68BF2FA-B4AF-40DA-8161-5C05C2FA35C7}.Release|x64.ActiveCfg = Release|Any CPU
		{C68BF2FA-B4AF-40DA-8161-5C05C2FA35C7}.Release|x64.Build.0 = Release|Any CPU
		{C68BF2FA-B4AF-40DA-8161-5C05C2FA35C7}.Release|x86.ActiveCfg = Release|Any CPU
		{C68BF2FA-B4AF-40DA-8161-5C05C2FA35C7}.Release|x86.Build.0 = Release|Any CPU
		{246D5DB5-DED1-4872-9CFE-B4A6ECA3E955}.Debug|Any CPU.ActiveCfg = Debug|Any CPU
		{246D5DB5-DED1-4872-9CFE-B4A6ECA3E955}.Debug|Any CPU.Build.0 = Debug|Any CPU
		{246D5DB5-DED1-4872-9CFE-B4A6ECA3E955}.Debug|x64.ActiveCfg = Debug|Any CPU
		{246D5DB5-DED1-4872-9CFE-B4A6ECA3E955}.Debug|x64.Build.0 = Debug|Any CPU
		{246D5DB5-DED1-4872-9CFE-B4A6ECA3E955}.Debug|x86.ActiveCfg = Debug|Any CPU
		{246D5DB5-DED1-4872-9CFE-B4A6ECA3E955}.Debug|x86.Build.0 = Debug|Any CPU
		{246D5DB5-DED1-4872-9CFE-B4A6ECA3E955}.Release|Any CPU.ActiveCfg = Release|Any CPU
		{246D5DB5-DED1-4872-9CFE-B4A6ECA3E955}.Release|Any CPU.Build.0 = Release|Any CPU
		{246D5DB5-DED1-4872-9CFE-B4A6ECA3E955}.Release|x64.ActiveCfg = Release|Any CPU
		{246D5DB5-DED1-4872-9CFE-B4A6ECA3E955}.Release|x64.Build.0 = Release|Any CPU
		{246D5DB5-DED1-4872-9CFE-B4A6ECA3E955}.Release|x86.ActiveCfg = Release|Any CPU
		{246D5DB5-DED1-4872-9CFE-B4A6ECA3E955}.Release|x86.Build.0 = Release|Any CPU
		{EBCEDC69-A64E-4841-866E-929C84B15AA4}.Debug|Any CPU.ActiveCfg = Debug|Any CPU
		{EBCEDC69-A64E-4841-866E-929C84B15AA4}.Debug|Any CPU.Build.0 = Debug|Any CPU
		{EBCEDC69-A64E-4841-866E-929C84B15AA4}.Debug|x64.ActiveCfg = Debug|Any CPU
		{EBCEDC69-A64E-4841-866E-929C84B15AA4}.Debug|x64.Build.0 = Debug|Any CPU
		{EBCEDC69-A64E-4841-866E-929C84B15AA4}.Debug|x86.ActiveCfg = Debug|Any CPU
		{EBCEDC69-A64E-4841-866E-929C84B15AA4}.Debug|x86.Build.0 = Debug|Any CPU
		{EBCEDC69-A64E-4841-866E-929C84B15AA4}.Release|Any CPU.ActiveCfg = Release|Any CPU
		{EBCEDC69-A64E-4841-866E-929C84B15AA4}.Release|Any CPU.Build.0 = Release|Any CPU
		{EBCEDC69-A64E-4841-866E-929C84B15AA4}.Release|x64.ActiveCfg = Release|Any CPU
		{EBCEDC69-A64E-4841-866E-929C84B15AA4}.Release|x64.Build.0 = Release|Any CPU
		{EBCEDC69-A64E-4841-866E-929C84B15AA4}.Release|x86.ActiveCfg = Release|Any CPU
		{EBCEDC69-A64E-4841-866E-929C84B15AA4}.Release|x86.Build.0 = Release|Any CPU
		{AA42A2D0-046A-49FA-955B-FE5DB80BA6A1}.Debug|Any CPU.ActiveCfg = Debug|Any CPU
		{AA42A2D0-046A-49FA-955B-FE5DB80BA6A1}.Debug|Any CPU.Build.0 = Debug|Any CPU
		{AA42A2D0-046A-49FA-955B-FE5DB80BA6A1}.Debug|x64.ActiveCfg = Debug|Any CPU
		{AA42A2D0-046A-49FA-955B-FE5DB80BA6A1}.Debug|x64.Build.0 = Debug|Any CPU
		{AA42A2D0-046A-49FA-955B-FE5DB80BA6A1}.Debug|x86.ActiveCfg = Debug|Any CPU
		{AA42A2D0-046A-49FA-955B-FE5DB80BA6A1}.Debug|x86.Build.0 = Debug|Any CPU
		{AA42A2D0-046A-49FA-955B-FE5DB80BA6A1}.Release|Any CPU.ActiveCfg = Release|Any CPU
		{AA42A2D0-046A-49FA-955B-FE5DB80BA6A1}.Release|Any CPU.Build.0 = Release|Any CPU
		{AA42A2D0-046A-49FA-955B-FE5DB80BA6A1}.Release|x64.ActiveCfg = Release|Any CPU
		{AA42A2D0-046A-49FA-955B-FE5DB80BA6A1}.Release|x64.Build.0 = Release|Any CPU
		{AA42A2D0-046A-49FA-955B-FE5DB80BA6A1}.Release|x86.ActiveCfg = Release|Any CPU
		{AA42A2D0-046A-49FA-955B-FE5DB80BA6A1}.Release|x86.Build.0 = Release|Any CPU
		{B59436E0-53AD-4A6E-9AEF-EA090EA7887D}.Debug|Any CPU.ActiveCfg = Debug|Any CPU
		{B59436E0-53AD-4A6E-9AEF-EA090EA7887D}.Debug|Any CPU.Build.0 = Debug|Any CPU
		{B59436E0-53AD-4A6E-9AEF-EA090EA7887D}.Debug|x64.ActiveCfg = Debug|Any CPU
		{B59436E0-53AD-4A6E-9AEF-EA090EA7887D}.Debug|x64.Build.0 = Debug|Any CPU
		{B59436E0-53AD-4A6E-9AEF-EA090EA7887D}.Debug|x86.ActiveCfg = Debug|Any CPU
		{B59436E0-53AD-4A6E-9AEF-EA090EA7887D}.Debug|x86.Build.0 = Debug|Any CPU
		{B59436E0-53AD-4A6E-9AEF-EA090EA7887D}.Release|Any CPU.ActiveCfg = Release|Any CPU
		{B59436E0-53AD-4A6E-9AEF-EA090EA7887D}.Release|Any CPU.Build.0 = Release|Any CPU
		{B59436E0-53AD-4A6E-9AEF-EA090EA7887D}.Release|x64.ActiveCfg = Release|Any CPU
		{B59436E0-53AD-4A6E-9AEF-EA090EA7887D}.Release|x64.Build.0 = Release|Any CPU
		{B59436E0-53AD-4A6E-9AEF-EA090EA7887D}.Release|x86.ActiveCfg = Release|Any CPU
		{B59436E0-53AD-4A6E-9AEF-EA090EA7887D}.Release|x86.Build.0 = Release|Any CPU
	EndGlobalSection
	GlobalSection(SolutionProperties) = preSolution
		HideSolutionNode = FALSE
	EndGlobalSection
	GlobalSection(NestedProjects) = preSolution
		{D9C3B2B7-A941-4543-8968-6A1C0AF5F0D7} = {90EE4F6C-F713-40CD-9EFA-B425E17E2A86}
		{90EE4F6C-F713-40CD-9EFA-B425E17E2A86} = {193DF2B6-6EEB-4700-A0F9-A69C97E9B611}
		{6A060F57-E5E6-461B-AD8A-00D3A983C3D0} = {193DF2B6-6EEB-4700-A0F9-A69C97E9B611}
		{5D6FBD34-892F-4B68-AF90-F398B6CFAB03} = {6A060F57-E5E6-461B-AD8A-00D3A983C3D0}
		{E64D6437-1153-465B-8D64-7F547F382388} = {193DF2B6-6EEB-4700-A0F9-A69C97E9B611}
		{BDC69DEB-79E6-4FE5-8B8E-6A158C3E42C0} = {E64D6437-1153-465B-8D64-7F547F382388}
		{81A3C6F7-8F2E-4B14-8BEF-D696288A7853} = {193DF2B6-6EEB-4700-A0F9-A69C97E9B611}
		{4164CBF2-AEC8-45A8-89B0-45AE409DBBE4} = {81A3C6F7-8F2E-4B14-8BEF-D696288A7853}
		{351E9DFD-0E02-4CAB-87C6-D90EE865D07F} = {193DF2B6-6EEB-4700-A0F9-A69C97E9B611}
		{EE9E94A6-562F-434F-8D3D-58883893367D} = {351E9DFD-0E02-4CAB-87C6-D90EE865D07F}
		{108BC046-7367-4FFA-85B1-E125F0FEB471} = {193DF2B6-6EEB-4700-A0F9-A69C97E9B611}
		{4FC8ED2E-F645-4691-993B-8FB4C2482838} = {108BC046-7367-4FFA-85B1-E125F0FEB471}
		{39F0F03D-BB7E-4015-9911-9F49EDF7376D} = {193DF2B6-6EEB-4700-A0F9-A69C97E9B611}
		{AAD73336-192F-4C9C-BEB5-585934DEAA6B} = {39F0F03D-BB7E-4015-9911-9F49EDF7376D}
		{2B23C839-821D-497C-A411-4B328E4323C8} = {193DF2B6-6EEB-4700-A0F9-A69C97E9B611}
		{4E742C4D-C73F-4CD3-B156-60A61DD4A4A6} = {2B23C839-821D-497C-A411-4B328E4323C8}
		{DE95FA72-3617-4721-A050-CDC73A11E57B} = {193DF2B6-6EEB-4700-A0F9-A69C97E9B611}
		{3C92D00F-50EA-46F2-AC6F-CDFEE2B0B223} = {DE95FA72-3617-4721-A050-CDC73A11E57B}
		{9DFDBD24-FB54-41D4-ABFA-E5CAE6FBA0A2} = {193DF2B6-6EEB-4700-A0F9-A69C97E9B611}
		{9C96B6B7-0BA4-4836-A6D5-D829E910A6B3} = {9DFDBD24-FB54-41D4-ABFA-E5CAE6FBA0A2}
		{0AC46FE6-B41B-4AEC-9368-27E3D5FC5180} = {534453B7-3E2C-4BA0-8E54-6CF6968FF75E}
		{30C0E670-EF3E-41B4-9D48-F47C73D3749D} = {0AC46FE6-B41B-4AEC-9368-27E3D5FC5180}
		{99B24EDE-986B-473A-9558-F59FB59B3655} = {534453B7-3E2C-4BA0-8E54-6CF6968FF75E}
		{D10E2253-A9AC-40D9-B255-DCA4DA236A51} = {99B24EDE-986B-473A-9558-F59FB59B3655}
		{E9495CB5-081A-4CF2-ADBF-0F63D66FCD5B} = {534453B7-3E2C-4BA0-8E54-6CF6968FF75E}
		{A438C6D1-37C4-4D21-92DC-9398CA222C32} = {E9495CB5-081A-4CF2-ADBF-0F63D66FCD5B}
		{25A3BC72-06DA-49B8-B5C2-B2A39E2A1AB8} = {534453B7-3E2C-4BA0-8E54-6CF6968FF75E}
		{D3CF5B4D-6CEB-4F12-AF75-0768597C3EA8} = {25A3BC72-06DA-49B8-B5C2-B2A39E2A1AB8}
		{3AE29288-5CAF-4572-A527-92C107BAF0D2} = {534453B7-3E2C-4BA0-8E54-6CF6968FF75E}
		{3EED22DB-DD7A-4D62-B010-0B86BF36CA72} = {3AE29288-5CAF-4572-A527-92C107BAF0D2}
		{12DD9BC9-C1C7-4EEB-8E39-BBF568F53A11} = {534453B7-3E2C-4BA0-8E54-6CF6968FF75E}
		{27CB1961-5866-48E4-8FB5-ED5C869DE6E3} = {12DD9BC9-C1C7-4EEB-8E39-BBF568F53A11}
		{5250BA80-2373-45D4-801A-0B30D9D2B23F} = {534453B7-3E2C-4BA0-8E54-6CF6968FF75E}
		{B6C9A9B5-FB8D-4025-AE40-A898CFC71836} = {5250BA80-2373-45D4-801A-0B30D9D2B23F}
		{ADB0B795-C7D1-455E-8E86-2AB1A05382D5} = {534453B7-3E2C-4BA0-8E54-6CF6968FF75E}
		{0EDFDE74-5FE5-407F-87D4-8248B1D31314} = {ADB0B795-C7D1-455E-8E86-2AB1A05382D5}
		{53BC849D-BD95-4241-9764-F995F080754C} = {534453B7-3E2C-4BA0-8E54-6CF6968FF75E}
		{7757A14E-B3CA-4F8E-9947-B1057FAA65D8} = {53BC849D-BD95-4241-9764-F995F080754C}
		{089FF0FE-DF6F-4BF9-BA85-E46702989BD8} = {46FCD8C7-EFBA-4D78-A296-A7B45CEEFB3F}
		{84763EE2-D59A-4659-AC54-0BF935C85996} = {089FF0FE-DF6F-4BF9-BA85-E46702989BD8}
		{B35DE3A9-BA12-4B78-87E4-873E2B082088} = {46FCD8C7-EFBA-4D78-A296-A7B45CEEFB3F}
		{60252C6F-2A98-4DB2-B7CC-F8D81E01AB0C} = {B35DE3A9-BA12-4B78-87E4-873E2B082088}
		{EDE33C14-023E-4E06-B8DE-07987A36E51E} = {46FCD8C7-EFBA-4D78-A296-A7B45CEEFB3F}
		{C68BF2FA-B4AF-40DA-8161-5C05C2FA35C7} = {EDE33C14-023E-4E06-B8DE-07987A36E51E}
		{B934054B-ADB7-45E6-A504-ED9F2C69F1CC} = {46FCD8C7-EFBA-4D78-A296-A7B45CEEFB3F}
		{246D5DB5-DED1-4872-9CFE-B4A6ECA3E955} = {B934054B-ADB7-45E6-A504-ED9F2C69F1CC}
		{7F3A0C37-31D2-4F5C-B271-D139B133CA9C} = {46FCD8C7-EFBA-4D78-A296-A7B45CEEFB3F}
		{EBCEDC69-A64E-4841-866E-929C84B15AA4} = {7F3A0C37-31D2-4F5C-B271-D139B133CA9C}
		{451233E2-BF6F-4949-A594-DC6C53B5F6C4} = {46FCD8C7-EFBA-4D78-A296-A7B45CEEFB3F}
		{AA42A2D0-046A-49FA-955B-FE5DB80BA6A1} = {451233E2-BF6F-4949-A594-DC6C53B5F6C4}
		{CEFEF031-717A-4975-88C9-3E9C57FAE00F} = {A143444F-12B8-4CBC-9CD6-649474B5BA9B}
		{B59436E0-53AD-4A6E-9AEF-EA090EA7887D} = {CEFEF031-717A-4975-88C9-3E9C57FAE00F}
	EndGlobalSection
	GlobalSection(ExtensibilityGlobals) = postSolution
		SolutionGuid = {D73ED338-CCA8-4F8F-84E1-788193CE306F}
	EndGlobalSection
EndGlobal
